
Microsoft Visual Studio Solution File, Format Version 12.00
# Visual Studio Version 17
VisualStudioVersion = 17.8.34511.84
MinimumVisualStudioVersion = 10.0.40219.1
Project("{FAE04EC0-301F-11D3-BF4B-00C04F79EFBC}") = "otusHomeWorkReflection", "otusHomeWorkReflection\otusHomeWorkReflection.csproj", "{DA3BE560-5D89-41CA-B06D-10011722CF1F}"
EndProject
Global
	GlobalSection(SolutionConfigurationPlatforms) = preSolution
		Debug|Any CPU = Debug|Any CPU
		Release|Any CPU = Release|Any CPU
	EndGlobalSection
	GlobalSection(ProjectConfigurationPlatforms) = postSolution
		{DA3BE560-5D89-41CA-B06D-10011722CF1F}.Debug|Any CPU.ActiveCfg = Debug|Any CPU
		{DA3BE560-5D89-41CA-B06D-10011722CF1F}.Debug|Any CPU.Build.0 = Debug|Any CPU
		{DA3BE560-5D89-41CA-B06D-10011722CF1F}.Release|Any CPU.ActiveCfg = Release|Any CPU
		{DA3BE560-5D89-41CA-B06D-10011722CF1F}.Release|Any CPU.Build.0 = Release|Any CPU
	EndGlobalSection
	GlobalSection(SolutionProperties) = preSolution
		HideSolutionNode = FALSE
	EndGlobalSection
	GlobalSection(ExtensibilityGlobals) = postSolution
		SolutionGuid = {EDF107CB-9562-46EE-9E62-08983B6AD9FE}
	EndGlobalSection
EndGlobal
